{
  "name": "gujjuscript",
  "version": "1.0.1",
  "lockfileVersion": 3,
  "requires": true,
  "packages": {
    "": {
      "name": "gujjuscript",
      "version": "1.0.1",
      "license": "MIT",
      "dependencies": {
        "gujjuscript": "^1.0.1"
      },
      "bin": {
        "gujju": "gjs.js"
      }
    },
    "node_modules/gujjuscript": {
      "version": "1.0.1",
      "resolved": "https://registry.npmjs.org/gujjuscript/-/gujjuscript-1.0.1.tgz",
      "integrity": "sha512-rlMKCG8ehKiLnYj48GclbUL6QYO4r0L3c4bwcKADfiHP/mhrL06gJnZdlvNTWvZgA+Js8Z1/frnTn2cpSsyT+Q==",
      "license": "MIT",
      "bin": {
        "gujju": "gjs.js"
      }
    }
  }
}
